{
	"name": "todo",
	"version": "0.0.1",
	"lockfileVersion": 1,
	"requires": true,
	"dependencies": {
		"accepts": {
			"version": "1.3.3",
			"resolved": "https://registry.npmjs.org/accepts/-/accepts-1.3.3.tgz",
			"integrity": "sha1-w8p0NJOGSMPg2cHjKN1otiLChMo=",
			"dev": true,
			"requires": {
				"mime-types": "2.1.16",
				"negotiator": "0.6.1"
			}
		},
		"ansi-escapes": {
			"version": "1.4.0",
			"resolved": "https://registry.npmjs.org/ansi-escapes/-/ansi-escapes-1.4.0.tgz",
			"integrity": "sha1-06ioOzGapneTZisT52HHkRQiMG4=",
			"dev": true
		},
		"ansi-regex": {
			"version": "2.1.1",
			"resolved": "https://registry.npmjs.org/ansi-regex/-/ansi-regex-2.1.1.tgz",
			"integrity": "sha1-w7M6te42DYbg5ijwRorn7yfWVN8=",
			"dev": true
		},
		"ansi-styles": {
			"version": "2.2.1",
			"resolved": "https://registry.npmjs.org/ansi-styles/-/ansi-styles-2.2.1.tgz",
			"integrity": "sha1-tDLdM1i2NM914eRmQ2gkBTPB3b4=",
			"dev": true
		},
		"array-flatten": {
			"version": "https://registry.npmjs.org/array-flatten/-/array-flatten-1.1.1.tgz",
			"integrity": "sha1-ml9pkFGx5wczKPKgCJaLZOopVdI=",
			"dev": true
		},
		"async": {
			"version": "2.0.0",
			"resolved": "https://registry.npmjs.org/async/-/async-2.0.0.tgz",
			"integrity": "sha1-0JAK04WvE4BFQKEJxCFm4657K50=",
			"dev": true,
			"requires": {
				"lodash": "4.17.4"
			}
		},
		"base64id": {
			"version": "0.1.0",
			"resolved": "https://registry.npmjs.org/base64id/-/base64id-0.1.0.tgz",
			"integrity": "sha1-As4P3u4M709ACA4ec+g08LG/zj8=",
			"dev": true
		},
		"base64url": {
			"version": "2.0.0",
			"resolved": "https://registry.npmjs.org/base64url/-/base64url-2.0.0.tgz",
			"integrity": "sha1-6sFuA+oUOO/5Qj1puqNiYu0fcLs=",
			"dev": true
		},
		"body-parser": {
			"version": "1.17.2",
			"resolved": "https://registry.npmjs.org/body-parser/-/body-parser-1.17.2.tgz",
			"integrity": "sha1-+IkqvI+eYn1Crtr7yma/WrmRBO4=",
			"dev": true,
			"requires": {
				"bytes": "2.4.0",
				"content-type": "1.0.2",
				"debug": "2.6.7",
				"depd": "1.1.1",
				"http-errors": "1.6.2",
				"iconv-lite": "0.4.15",
				"on-finished": "2.3.0",
				"qs": "6.4.0",
				"raw-body": "2.2.0",
				"type-is": "1.6.15"
			}
		},
		"buffer-equal-constant-time": {
			"version": "1.0.1",
			"resolved": "https://registry.npmjs.org/buffer-equal-constant-time/-/buffer-equal-constant-time-1.0.1.tgz",
			"integrity": "sha1-+OcRMvf/5uAaXJaXpMbz5I1cyBk=",
			"dev": true
		},
		"bytes": {
			"version": "2.4.0",
			"resolved": "https://registry.npmjs.org/bytes/-/bytes-2.4.0.tgz",
			"integrity": "sha1-fZcZb51br39pNeJZhVSe3SpsIzk=",
			"dev": true
		},
		"chalk": {
			"version": "1.1.3",
			"resolved": "https://registry.npmjs.org/chalk/-/chalk-1.1.3.tgz",
			"integrity": "sha1-qBFcVeSnAv5NFQq9OHKCKn4J/Jg=",
			"dev": true,
			"requires": {
				"ansi-styles": "2.2.1",
				"escape-string-regexp": "1.0.5",
				"has-ansi": "2.0.0",
				"strip-ansi": "3.0.1",
				"supports-color": "2.0.0"
			}
		},
		"cli-cursor": {
			"version": "1.0.2",
			"resolved": "https://registry.npmjs.org/cli-cursor/-/cli-cursor-1.0.2.tgz",
			"integrity": "sha1-ZNo/fValRBLll5S9Ytw1KV6PKYc=",
			"dev": true,
			"requires": {
				"restore-cursor": "1.0.1"
			}
		},
		"cli-width": {
			"version": "2.1.0",
			"resolved": "https://registry.npmjs.org/cli-width/-/cli-width-2.1.0.tgz",
			"integrity": "sha1-sjTKIJsp72b8UY2bmNWEewDt8Ao=",
			"dev": true
		},
		"code-point-at": {
			"version": "1.1.0",
			"resolved": "https://registry.npmjs.org/code-point-at/-/code-point-at-1.1.0.tgz",
			"integrity": "sha1-DQcLTQQ6W+ozovGkDi7bPZpMz3c=",
			"dev": true
		},
		"component-emitter": {
			"version": "1.2.0",
			"resolved": "https://registry.npmjs.org/component-emitter/-/component-emitter-1.2.0.tgz",
			"integrity": "sha1-zNETqGOI0GSC0D3j/H35hSa6jv4=",
			"dev": true
		},
		"concat-stream": {
			"version": "1.6.0",
			"resolved": "https://registry.npmjs.org/concat-stream/-/concat-stream-1.6.0.tgz",
			"integrity": "sha1-CqxmL9Ur54lk1VMvaUeE5wEQrPc=",
			"dev": true,
			"requires": {
				"inherits": "2.0.3",
				"readable-stream": "2.3.3",
				"typedarray": "0.0.6"
			}
		},
		"content-disposition": {
			"version": "0.5.2",
			"resolved": "https://registry.npmjs.org/content-disposition/-/content-disposition-0.5.2.tgz",
			"integrity": "sha1-DPaLud318r55YcOoUXjLhdunjLQ=",
			"dev": true
		},
		"content-type": {
			"version": "1.0.2",
			"resolved": "https://registry.npmjs.org/content-type/-/content-type-1.0.2.tgz",
			"integrity": "sha1-t9ETrueo3Se9IRM8TcJSnfFyHu0=",
			"dev": true
		},
		"cookie": {
			"version": "0.3.1",
			"resolved": "https://registry.npmjs.org/cookie/-/cookie-0.3.1.tgz",
			"integrity": "sha1-5+Ch+e9DtMi6klxcWpboBtFoc7s=",
			"dev": true
		},
		"cookie-signature": {
			"version": "1.0.6",
			"resolved": "https://registry.npmjs.org/cookie-signature/-/cookie-signature-1.0.6.tgz",
			"integrity": "sha1-4wOogrNCzD7oylE6eZmXNNqzriw=",
			"dev": true
		},
		"core-util-is": {
			"version": "1.0.2",
			"resolved": "https://registry.npmjs.org/core-util-is/-/core-util-is-1.0.2.tgz",
			"integrity": "sha1-tf1UIgqivFq1eqtxQMlAdUUDwac=",
			"dev": true
		},
		"cors": {
			"version": "2.8.4",
			"resolved": "https://registry.npmjs.org/cors/-/cors-2.8.4.tgz",
			"integrity": "sha1-K9OB8usgECAQXNUOpZ2mMJBpRoY=",
			"dev": true,
			"requires": {
				"object-assign": "4.1.1",
				"vary": "1.1.1"
			}
		},
		"debug": {
			"version": "2.6.7",
			"resolved": "https://registry.npmjs.org/debug/-/debug-2.6.7.tgz",
			"integrity": "sha1-krrR9tBbu2u6Isyoi80OyJTChh4=",
			"dev": true,
			"requires": {
				"ms": "2.0.0"
			}
		},
		"depd": {
			"version": "1.1.1",
			"resolved": "https://registry.npmjs.org/depd/-/depd-1.1.1.tgz",
			"integrity": "sha1-V4O04cRZ8G+lyif5kfPQbnoxA1k=",
			"dev": true
		},
		"destroy": {
			"version": "1.0.4",
			"resolved": "https://registry.npmjs.org/destroy/-/destroy-1.0.4.tgz",
			"integrity": "sha1-l4hXRCxEdJ5CBmE+N5RiBYJqvYA=",
			"dev": true
		},
		"ecdsa-sig-formatter": {
			"version": "1.0.9",
			"resolved": "https://registry.npmjs.org/ecdsa-sig-formatter/-/ecdsa-sig-formatter-1.0.9.tgz",
			"integrity": "sha1-S8kmJ07Dtau1AW5+HWCSGsJisqE=",
			"dev": true,
			"requires": {
				"base64url": "2.0.0",
				"safe-buffer": "5.1.1"
			}
		},
		"ee-first": {
			"version": "1.1.1",
			"resolved": "https://registry.npmjs.org/ee-first/-/ee-first-1.1.1.tgz",
			"integrity": "sha1-WQxhFWsK4vTwJVcyoViyZrxWsh0=",
			"dev": true
		},
		"ejs": {
			"version": "2.5.7",
			"resolved": "https://registry.npmjs.org/ejs/-/ejs-2.5.7.tgz",
			"integrity": "sha1-zIcsFoiArjxxiXYv1f/ACJbJUYo=",
			"dev": true
		},
		"encodeurl": {
			"version": "1.0.1",
			"resolved": "https://registry.npmjs.org/encodeurl/-/encodeurl-1.0.1.tgz",
			"integrity": "sha1-eePVhlU0aQn+bw9Fpd5oEDspTSA=",
			"dev": true
		},
		"escape-html": {
			"version": "1.0.3",
			"resolved": "https://registry.npmjs.org/escape-html/-/escape-html-1.0.3.tgz",
			"integrity": "sha1-Aljq5NPQwJdN4cFpGI7wBR0dGYg=",
			"dev": true
		},
		"escape-string-regexp": {
			"version": "1.0.5",
			"resolved": "https://registry.npmjs.org/escape-string-regexp/-/escape-string-regexp-1.0.5.tgz",
			"integrity": "sha1-G2HAViGQqN/2rjuyzwIAyhMLhtQ=",
			"dev": true
		},
		"etag": {
			"version": "1.8.0",
			"resolved": "https://registry.npmjs.org/etag/-/etag-1.8.0.tgz",
			"integrity": "sha1-b2Ma7zNtbEY2K1F2QETOIWvjwFE=",
			"dev": true
		},
		"exit-hook": {
			"version": "1.1.1",
			"resolved": "https://registry.npmjs.org/exit-hook/-/exit-hook-1.1.1.tgz",
			"integrity": "sha1-8FyiM7SMBdVP/wd2XfhQfpXAL/g=",
			"dev": true
		},
		"expirymanager": {
			"version": "0.9.3",
			"resolved": "https://registry.npmjs.org/expirymanager/-/expirymanager-0.9.3.tgz",
			"integrity": "sha1-5fazugDY12z2MxHCtx19/JvePk8=",
			"dev": true
		},
		"express": {
			"version": "4.15.4",
			"resolved": "https://registry.npmjs.org/express/-/express-4.15.4.tgz",
			"integrity": "sha1-Ay4iU0ic+PzgJma+yj0R7XotrtE=",
			"dev": true,
			"requires": {
				"accepts": "1.3.3",
				"array-flatten": "https://registry.npmjs.org/array-flatten/-/array-flatten-1.1.1.tgz",
				"content-disposition": "0.5.2",
				"content-type": "1.0.2",
				"cookie": "0.3.1",
				"cookie-signature": "1.0.6",
				"debug": "2.6.8",
				"depd": "1.1.1",
				"encodeurl": "1.0.1",
				"escape-html": "1.0.3",
				"etag": "1.8.0",
				"finalhandler": "1.0.4",
				"fresh": "0.5.0",
				"merge-descriptors": "1.0.1",
				"methods": "1.1.2",
				"on-finished": "2.3.0",
				"parseurl": "1.3.1",
				"path-to-regexp": "0.1.7",
				"proxy-addr": "1.1.5",
				"qs": "6.5.0",
				"range-parser": "1.2.0",
				"send": "0.15.4",
				"serve-static": "1.12.4",
				"setprototypeof": "1.0.3",
				"statuses": "1.3.1",
				"type-is": "1.6.15",
				"utils-merge": "1.0.0",
				"vary": "1.1.1"
			},
			"dependencies": {
				"debug": {
					"version": "2.6.8",
					"resolved": "https://registry.npmjs.org/debug/-/debug-2.6.8.tgz",
					"integrity": "sha1-5zFTHKLt4n0YgiJCfaF4IdaP9Pw=",
					"dev": true,
					"requires": {
						"ms": "2.0.0"
					}
				},
				"qs": {
					"version": "6.5.0",
					"resolved": "https://registry.npmjs.org/qs/-/qs-6.5.0.tgz",
					"integrity": "sha512-fjVFjW9yhqMhVGwRExCXLhJKrLlkYSaxNWdyc9rmHlrVZbk35YHH312dFd7191uQeXkI3mKLZTIbSvIeFwFemg==",
					"dev": true
				}
			}
		},
		"extend": {
			"version": "3.0.1",
			"resolved": "https://registry.npmjs.org/extend/-/extend-3.0.1.tgz",
			"integrity": "sha1-p1Xqe8Gt/MWjHOfnYtuq3F5jZEQ=",
			"dev": true
		},
		"external-editor": {
			"version": "1.1.1",
			"resolved": "https://registry.npmjs.org/external-editor/-/external-editor-1.1.1.tgz",
			"integrity": "sha1-Etew24UPf/fnCBuvQAVwAGDEYAs=",
			"dev": true,
			"requires": {
				"extend": "3.0.1",
				"spawn-sync": "1.0.15",
				"tmp": "0.0.29"
			}
		},
		"figures": {
			"version": "1.7.0",
			"resolved": "https://registry.npmjs.org/figures/-/figures-1.7.0.tgz",
			"integrity": "sha1-y+Hjr/zxzUS4DK3+0o3Hk6lwHS4=",
			"dev": true,
			"requires": {
				"escape-string-regexp": "1.0.5",
				"object-assign": "4.1.1"
			}
		},
		"finalhandler": {
			"version": "1.0.4",
			"resolved": "https://registry.npmjs.org/finalhandler/-/finalhandler-1.0.4.tgz",
			"integrity": "sha512-16l/r8RgzlXKmFOhZpHBztvye+lAhC5SU7hXavnerC9UfZqZxxXl3BzL8MhffPT3kF61lj9Oav2LKEzh0ei7tg==",
			"dev": true,
			"requires": {
				"debug": "2.6.8",
				"encodeurl": "1.0.1",
				"escape-html": "1.0.3",
				"on-finished": "2.3.0",
				"parseurl": "1.3.1",
				"statuses": "1.3.1",
				"unpipe": "1.0.0"
			},
			"dependencies": {
				"debug": {
					"version": "2.6.8",
					"resolved": "https://registry.npmjs.org/debug/-/debug-2.6.8.tgz",
					"integrity": "sha1-5zFTHKLt4n0YgiJCfaF4IdaP9Pw=",
					"dev": true,
					"requires": {
						"ms": "2.0.0"
					}
				}
			}
		},
		"fleximap": {
			"version": "0.9.10",
			"resolved": "https://registry.npmjs.org/fleximap/-/fleximap-0.9.10.tgz",
			"integrity": "sha1-GqUP9qj+oAN8w3jjjdrMCRAlrBA=",
			"dev": true
		},
		"forwarded": {
			"version": "0.1.0",
			"resolved": "https://registry.npmjs.org/forwarded/-/forwarded-0.1.0.tgz",
			"integrity": "sha1-Ge+YdMSuHCl7zweP3mOgm2aoQ2M=",
			"dev": true
		},
		"fresh": {
			"version": "0.5.0",
			"resolved": "https://registry.npmjs.org/fresh/-/fresh-0.5.0.tgz",
			"integrity": "sha1-9HTKXmqSRtb9jglTz6m5yAWvp44=",
			"dev": true
		},
		"fs-extra": {
			"version": "2.0.0",
			"resolved": "https://registry.npmjs.org/fs-extra/-/fs-extra-2.0.0.tgz",
			"integrity": "sha1-M3NSve1KC3FPPrhN6M6nZenTdgA=",
			"dev": true,
			"requires": {
				"graceful-fs": "4.1.11",
				"jsonfile": "2.4.0"
			}
		},
		"getport": {
			"version": "0.1.0",
			"resolved": "https://registry.npmjs.org/getport/-/getport-0.1.0.tgz",
			"integrity": "sha1-q93z1dHnfdlnzPorA2oKH7Jv1/c=",
			"dev": true
		},
		"graceful-fs": {
			"version": "4.1.11",
			"resolved": "https://registry.npmjs.org/graceful-fs/-/graceful-fs-4.1.11.tgz",
			"integrity": "sha1-Dovf5NHduIVNZOBOp8AOKgJuVlg=",
			"dev": true
		},
		"has-ansi": {
			"version": "2.0.0",
			"resolved": "https://registry.npmjs.org/has-ansi/-/has-ansi-2.0.0.tgz",
			"integrity": "sha1-NPUEnOHs3ysGSa8+8k5F7TVBbZE=",
			"dev": true,
			"requires": {
				"ansi-regex": "2.1.1"
			}
		},
		"hoek": {
			"version": "2.16.3",
			"resolved": "https://registry.npmjs.org/hoek/-/hoek-2.16.3.tgz",
			"integrity": "sha1-ILt0A9POo5jpHcRxCo/xuCdKJe0=",
			"dev": true
		},
		"http-errors": {
			"version": "1.6.2",
			"resolved": "https://registry.npmjs.org/http-errors/-/http-errors-1.6.2.tgz",
			"integrity": "sha1-CgAsyFcHGSp+eUbO7cERVfYOxzY=",
			"dev": true,
			"requires": {
				"depd": "1.1.1",
				"inherits": "2.0.3",
				"setprototypeof": "1.0.3",
				"statuses": "1.3.1"
			}
		},
		"iconv-lite": {
			"version": "0.4.15",
			"resolved": "https://registry.npmjs.org/iconv-lite/-/iconv-lite-0.4.15.tgz",
			"integrity": "sha1-/iZaIYrGpXz+hUkn6dBMGYJe3es=",
			"dev": true
		},
		"inherits": {
			"version": "2.0.3",
			"resolved": "https://registry.npmjs.org/inherits/-/inherits-2.0.3.tgz",
			"integrity": "sha1-Yzwsg+PaQqUC9SRmAiSA9CCCYd4=",
			"dev": true
		},
		"inquirer": {
			"version": "1.1.3",
			"resolved": "https://registry.npmjs.org/inquirer/-/inquirer-1.1.3.tgz",
			"integrity": "sha1-bNKpP3CfpQd5cx/SJixpgVXKsvo=",
			"dev": true,
			"requires": {
				"ansi-escapes": "1.4.0",
				"chalk": "1.1.3",
				"cli-cursor": "1.0.2",
				"cli-width": "2.1.0",
				"external-editor": "1.1.1",
				"figures": "1.7.0",
				"lodash": "4.17.4",
				"mute-stream": "0.0.6",
				"pinkie-promise": "2.0.1",
				"run-async": "2.3.0",
				"rx": "4.1.0",
				"string-width": "1.0.2",
				"strip-ansi": "3.0.1",
				"through": "2.3.8"
			}
		},
		"ipaddr.js": {
			"version": "1.4.0",
			"resolved": "https://registry.npmjs.org/ipaddr.js/-/ipaddr.js-1.4.0.tgz",
			"integrity": "sha1-KWrKh4qCGBbluF0KKFqZvP9FgvA=",
			"dev": true
		},
		"is-fullwidth-code-point": {
			"version": "1.0.0",
			"resolved": "https://registry.npmjs.org/is-fullwidth-code-point/-/is-fullwidth-code-point-1.0.0.tgz",
			"integrity": "sha1-754xOG8DGn8NZDr4L95QxFfvAMs=",
			"dev": true,
			"requires": {
				"number-is-nan": "1.0.1"
			}
		},
		"is-promise": {
			"version": "2.1.0",
			"resolved": "https://registry.npmjs.org/is-promise/-/is-promise-2.1.0.tgz",
			"integrity": "sha1-eaKp7OfwlugPNtKy87wWwf9L8/o=",
			"dev": true
		},
		"isarray": {
			"version": "1.0.0",
			"resolved": "https://registry.npmjs.org/isarray/-/isarray-1.0.0.tgz",
			"integrity": "sha1-u5NdSFgsuhaMBoNJV6VKPgcSTxE=",
			"dev": true
		},
		"isemail": {
			"version": "1.2.0",
			"resolved": "https://registry.npmjs.org/isemail/-/isemail-1.2.0.tgz",
			"integrity": "sha1-vgPfjMPineTSxd9lASY/H6RZXpo=",
			"dev": true
		},
		"joi": {
			"version": "6.10.1",
			"resolved": "https://registry.npmjs.org/joi/-/joi-6.10.1.tgz",
			"integrity": "sha1-TVDDGAeRIgAP5fFq8f+OGRe3fgY=",
			"dev": true,
			"requires": {
				"hoek": "2.16.3",
				"isemail": "1.2.0",
				"moment": "2.18.1",
				"topo": "1.1.0"
			}
		},
		"js-data": {
			"version": "2.10.0",
			"resolved": "https://registry.npmjs.org/js-data/-/js-data-2.10.0.tgz",
			"integrity": "sha1-jdqhteW4E4Sym8TZSbyMwJvhbYQ=",
			"dev": true
		},
		"jsonfile": {
			"version": "2.4.0",
			"resolved": "https://registry.npmjs.org/jsonfile/-/jsonfile-2.4.0.tgz",
			"integrity": "sha1-NzaitCi4e72gzIO1P6PWM6NcKug=",
			"dev": true,
			"requires": {
				"graceful-fs": "4.1.11"
			}
		},
		"jwa": {
			"version": "1.1.5",
			"resolved": "https://registry.npmjs.org/jwa/-/jwa-1.1.5.tgz",
			"integrity": "sha1-oFUs4CIHQs1S4VN3SjKQXDDnVuU=",
			"dev": true,
			"requires": {
				"base64url": "2.0.0",
				"buffer-equal-constant-time": "1.0.1",
				"ecdsa-sig-formatter": "1.0.9",
				"safe-buffer": "5.1.1"
			}
		},
		"jws": {
			"version": "3.1.4",
			"resolved": "https://registry.npmjs.org/jws/-/jws-3.1.4.tgz",
			"integrity": "sha1-+ei5M46KhHJ31kRLFGT2GIDgUKI=",
			"dev": true,
			"requires": {
				"base64url": "2.0.0",
				"jwa": "1.1.5",
				"safe-buffer": "5.1.1"
			}
		},
		"lodash": {
			"version": "4.17.4",
			"resolved": "https://registry.npmjs.org/lodash/-/lodash-4.17.4.tgz",
			"integrity": "sha1-eCA6TRwyiuHYbcpkYONptX9AVa4=",
			"dev": true
		},
		"lodash.clonedeep": {
			"version": "4.5.0",
			"resolved": "https://registry.npmjs.org/lodash.clonedeep/-/lodash.clonedeep-4.5.0.tgz",
			"integrity": "sha1-4j8/nE+Pvd6HJSnBBxhXoIblzO8=",
			"dev": true
		},
		"lodash.once": {
			"version": "4.1.1",
			"resolved": "https://registry.npmjs.org/lodash.once/-/lodash.once-4.1.1.tgz",
			"integrity": "sha1-DdOXEhPHxW34gJd9UEyI+0cal6w=",
			"dev": true
		},
		"media-typer": {
			"version": "0.3.0",
			"resolved": "https://registry.npmjs.org/media-typer/-/media-typer-0.3.0.tgz",
			"integrity": "sha1-hxDXrwqmJvj/+hzgAWhUUmMlV0g=",
			"dev": true
		},
		"merge-descriptors": {
			"version": "1.0.1",
			"resolved": "https://registry.npmjs.org/merge-descriptors/-/merge-descriptors-1.0.1.tgz",
			"integrity": "sha1-sAqqVW3YtEVoFQ7J0blT8/kMu2E=",
			"dev": true
		},
		"methods": {
			"version": "1.1.2",
			"resolved": "https://registry.npmjs.org/methods/-/methods-1.1.2.tgz",
			"integrity": "sha1-VSmk1nZUE07cxSZmVoNbD4Ua/O4=",
			"dev": true
		},
		"mime": {
			"version": "1.3.4",
			"resolved": "https://registry.npmjs.org/mime/-/mime-1.3.4.tgz",
			"integrity": "sha1-EV+eO2s9rylZmDyzjxSaLUDrXVM=",
			"dev": true
		},
		"mime-db": {
			"version": "1.29.0",
			"resolved": "https://registry.npmjs.org/mime-db/-/mime-db-1.29.0.tgz",
			"integrity": "sha1-SNJtI1WJZRcErFkWygYAGRQmaHg=",
			"dev": true
		},
		"mime-types": {
			"version": "2.1.16",
			"resolved": "https://registry.npmjs.org/mime-types/-/mime-types-2.1.16.tgz",
			"integrity": "sha1-K4WKUuXs1RbbiXrCvodIeDBpjiM=",
			"dev": true,
			"requires": {
				"mime-db": "1.29.0"
			}
		},
		"minimist": {
			"version": "1.2.0",
			"resolved": "https://registry.npmjs.org/minimist/-/minimist-1.2.0.tgz",
			"integrity": "sha1-o1AIsg9BOD7sH7kU9M1d95omQoQ=",
			"dev": true
		},
		"moment": {
			"version": "2.18.1",
			"resolved": "https://registry.npmjs.org/moment/-/moment-2.18.1.tgz",
			"integrity": "sha1-w2GT3Tzhwu7SrbfIAtu8d6gbHA8=",
			"dev": true
		},
		"ms": {
			"version": "2.0.0",
			"resolved": "https://registry.npmjs.org/ms/-/ms-2.0.0.tgz",
			"integrity": "sha1-VgiurfwAvmwpAd9fmGF4jeDVl8g=",
			"dev": true
		},
		"mute-stream": {
			"version": "0.0.6",
			"resolved": "https://registry.npmjs.org/mute-stream/-/mute-stream-0.0.6.tgz",
			"integrity": "sha1-SJYrGeFp/R38JAs/HnMXYnu8R9s=",
			"dev": true
		},
		"ncom": {
			"version": "0.11.2",
			"resolved": "https://registry.npmjs.org/ncom/-/ncom-0.11.2.tgz",
			"integrity": "sha512-3G4srxgnqLzlZuHB/jQd+ihOQEmy3lNB7wmWwzLGmaYQXuqMpMbKC21CGSAMq0gd2KFwjf8ofZ9kWS2OHQZE8Q==",
			"dev": true,
			"requires": {
				"sc-domain": "1.0.1",
				"sc-formatter": "3.0.0"
			}
		},
		"negotiator": {
			"version": "0.6.1",
			"resolved": "https://registry.npmjs.org/negotiator/-/negotiator-0.6.1.tgz",
			"integrity": "sha1-KzJxhOiZIQEXeyhWP7XnECrNDKk=",
			"dev": true
		},
		"node-uuid": {
			"version": "1.4.8",
			"resolved": "https://registry.npmjs.org/node-uuid/-/node-uuid-1.4.8.tgz",
			"integrity": "sha1-sEDrCSOWivq/jTL7HxfxFn/auQc=",
			"dev": true
		},
		"number-is-nan": {
			"version": "1.0.1",
			"resolved": "https://registry.npmjs.org/number-is-nan/-/number-is-nan-1.0.1.tgz",
			"integrity": "sha1-CXtgK1NCKlIsGvuHkDGDNpQaAR0=",
			"dev": true
		},
		"object-assign": {
			"version": "4.1.1",
			"resolved": "https://registry.npmjs.org/object-assign/-/object-assign-4.1.1.tgz",
			"integrity": "sha1-IQmtx5ZYh8/AXLvUQsrIv7s2CGM=",
			"dev": true
		},
		"on-finished": {
			"version": "2.3.0",
			"resolved": "https://registry.npmjs.org/on-finished/-/on-finished-2.3.0.tgz",
			"integrity": "sha1-IPEzZIGwg811M3mSoWlxqi2QaUc=",
			"dev": true,
			"requires": {
				"ee-first": "1.1.1"
			}
		},
		"onetime": {
			"version": "1.1.0",
			"resolved": "https://registry.npmjs.org/onetime/-/onetime-1.1.0.tgz",
			"integrity": "sha1-ofeDj4MUxRbwXs78vEzP4EtO14k=",
			"dev": true
		},
		"os-shim": {
			"version": "0.1.3",
			"resolved": "https://registry.npmjs.org/os-shim/-/os-shim-0.1.3.tgz",
			"integrity": "sha1-a2LDeRz3kJ6jXtRuF2WLtBfLORc=",
			"dev": true
		},
		"os-tmpdir": {
			"version": "1.0.2",
			"resolved": "https://registry.npmjs.org/os-tmpdir/-/os-tmpdir-1.0.2.tgz",
			"integrity": "sha1-u+Z0BseaqFxc/sdm/lc0VV36EnQ=",
			"dev": true
		},
		"parseurl": {
			"version": "1.3.1",
			"resolved": "https://registry.npmjs.org/parseurl/-/parseurl-1.3.1.tgz",
			"integrity": "sha1-yKuMkiO6NIiKpkopeyiFO+wY2lY=",
			"dev": true
		},
		"path-to-regexp": {
			"version": "0.1.7",
			"resolved": "https://registry.npmjs.org/path-to-regexp/-/path-to-regexp-0.1.7.tgz",
			"integrity": "sha1-32BBeABfUi8V60SQ5yR6G/qmf4w=",
			"dev": true
		},
		"pinkie": {
			"version": "2.0.4",
			"resolved": "https://registry.npmjs.org/pinkie/-/pinkie-2.0.4.tgz",
			"integrity": "sha1-clVrgM+g1IqXToDnckjoDtT3+HA=",
			"dev": true
		},
		"pinkie-promise": {
			"version": "2.0.1",
			"resolved": "https://registry.npmjs.org/pinkie-promise/-/pinkie-promise-2.0.1.tgz",
			"integrity": "sha1-ITXW36ejWMBprJsXh3YogihFD/o=",
			"dev": true,
			"requires": {
				"pinkie": "2.0.4"
			}
		},
		"process-nextick-args": {
			"version": "1.0.7",
			"resolved": "https://registry.npmjs.org/process-nextick-args/-/process-nextick-args-1.0.7.tgz",
			"integrity": "sha1-FQ4gt1ZZCtP5EJPyWk8q2L/zC6M=",
			"dev": true
		},
		"proxy-addr": {
			"version": "1.1.5",
			"resolved": "https://registry.npmjs.org/proxy-addr/-/proxy-addr-1.1.5.tgz",
			"integrity": "sha1-ccDuOxAt4/IC87ZPYI0XP8uhqRg=",
			"dev": true,
			"requires": {
				"forwarded": "0.1.0",
				"ipaddr.js": "1.4.0"
			}
		},
		"qs": {
			"version": "6.4.0",
			"resolved": "https://registry.npmjs.org/qs/-/qs-6.4.0.tgz",
			"integrity": "sha1-E+JtKK1rD/qpExLNO/cI7TUecjM=",
			"dev": true
		},
		"range-parser": {
			"version": "1.2.0",
			"resolved": "https://registry.npmjs.org/range-parser/-/range-parser-1.2.0.tgz",
			"integrity": "sha1-9JvmtIeJTdxA3MlKMi9hEJLgDV4=",
			"dev": true
		},
		"raw-body": {
			"version": "2.2.0",
			"resolved": "https://registry.npmjs.org/raw-body/-/raw-body-2.2.0.tgz",
			"integrity": "sha1-mUl2z2pQlqQRYoQEkvC9xdbn+5Y=",
			"dev": true,
			"requires": {
				"bytes": "2.4.0",
				"iconv-lite": "0.4.15",
				"unpipe": "1.0.0"
			}
		},
		"readable-stream": {
			"version": "2.3.3",
			"resolved": "https://registry.npmjs.org/readable-stream/-/readable-stream-2.3.3.tgz",
			"integrity": "sha512-m+qzzcn7KUxEmd1gMbchF+Y2eIUbieUaxkWtptyHywrX0rE8QEYqPC07Vuy4Wm32/xE16NcdBctb8S0Xe/5IeQ==",
			"dev": true,
			"requires": {
				"core-util-is": "1.0.2",
				"inherits": "2.0.3",
				"isarray": "1.0.0",
				"process-nextick-args": "1.0.7",
				"safe-buffer": "5.1.1",
				"string_decoder": "1.0.3",
				"util-deprecate": "1.0.2"
			}
		},
		"remotedev-server": {
			"version": "0.2.3",
			"resolved": "https://registry.npmjs.org/remotedev-server/-/remotedev-server-0.2.3.tgz",
			"integrity": "sha1-3Kr2SYdVe10GpE5OGMNjCNiOqYA=",
			"dev": true,
			"requires": {
				"body-parser": "1.17.2",
				"chalk": "1.1.3",
				"cors": "2.8.4",
				"ejs": "2.5.7",
				"express": "4.15.4",
				"getport": "0.1.0",
				"js-data": "2.10.0",
				"lodash": "4.17.4",
				"minimist": "1.2.0",
				"node-uuid": "1.4.8",
				"object-assign": "4.1.1",
				"repeat-string": "1.6.1",
				"semver": "5.4.1",
				"socketcluster": "5.16.0"
			}
		},
		"repeat-string": {
			"version": "1.6.1",
			"resolved": "https://registry.npmjs.org/repeat-string/-/repeat-string-1.6.1.tgz",
			"integrity": "sha1-jcrkcOHIirwtYA//Sndihtp15jc=",
			"dev": true
		},
		"restore-cursor": {
			"version": "1.0.1",
			"resolved": "https://registry.npmjs.org/restore-cursor/-/restore-cursor-1.0.1.tgz",
			"integrity": "sha1-NGYfRohjJ/7SmRR5FSJS35LapUE=",
			"dev": true,
			"requires": {
				"exit-hook": "1.1.1",
				"onetime": "1.1.0"
			}
		},
		"run-async": {
			"version": "2.3.0",
			"resolved": "https://registry.npmjs.org/run-async/-/run-async-2.3.0.tgz",
			"integrity": "sha1-A3GrSuC91yDUFm19/aZP96RFpsA=",
			"dev": true,
			"requires": {
				"is-promise": "2.1.0"
			}
		},
		"rx": {
			"version": "4.1.0",
			"resolved": "https://registry.npmjs.org/rx/-/rx-4.1.0.tgz",
			"integrity": "sha1-pfE/957zt0D+MKqAP7CfmIBdR4I=",
			"dev": true
		},
		"safe-buffer": {
			"version": "5.1.1",
			"resolved": "https://registry.npmjs.org/safe-buffer/-/safe-buffer-5.1.1.tgz",
			"integrity": "sha512-kKvNJn6Mm93gAczWVJg7wH+wGYWNrDHdWvpUmHyEsgCtIwwo3bqPtV4tR5tuPaUhTOo/kvhVwd8XwwOllGYkbg==",
			"dev": true
		},
		"sc-auth": {
			"version": "4.1.2",
			"resolved": "https://registry.npmjs.org/sc-auth/-/sc-auth-4.1.2.tgz",
			"integrity": "sha512-2gmeDOOj9/14AySITuUjW7HpEg5sfKkQg7+aazvzQz0g7Sa9MWYAHMRYCdVmntc/UiJnuJbpLY3EXoAHmomo3w==",
			"dev": true,
			"requires": {
				"sc-errors": "1.3.3",
				"sc-jsonwebtoken": "7.4.2"
			}
		},
		"sc-broker": {
			"version": "3.0.0",
			"resolved": "https://registry.npmjs.org/sc-broker/-/sc-broker-3.0.0.tgz",
			"integrity": "sha1-o0SRgWvcKq9vI1YslC65UF61R30=",
			"dev": true,
			"requires": {
				"expirymanager": "0.9.3",
				"fleximap": "0.9.10",
				"ncom": "0.11.2",
				"sc-domain": "1.0.1",
				"sc-errors": "1.3.3"
			}
		},
		"sc-broker-cluster": {
			"version": "4.0.3",
			"resolved": "https://registry.npmjs.org/sc-broker-cluster/-/sc-broker-cluster-4.0.3.tgz",
			"integrity": "sha1-WcA7McOW30QQ5tGYulDsB0BQjw8=",
			"dev": true,
			"requires": {
				"async": "2.0.0",
				"sc-broker": "3.0.0",
				"sc-channel": "1.0.6",
				"sc-domain": "1.0.1",
				"sc-errors": "1.3.3",
				"sc-hasher": "1.0.0"
			}
		},
		"sc-channel": {
			"version": "1.0.6",
			"resolved": "https://registry.npmjs.org/sc-channel/-/sc-channel-1.0.6.tgz",
			"integrity": "sha1-s4vUepk+eCkPvFNGeGf2sqCghjk=",
			"dev": true,
			"requires": {
				"sc-emitter": "1.1.0"
			}
		},
		"sc-domain": {
			"version": "1.0.1",
			"resolved": "https://registry.npmjs.org/sc-domain/-/sc-domain-1.0.1.tgz",
			"integrity": "sha1-qkAlCbh5unYBLpcy3B0H9lO4NLw=",
			"dev": true
		},
		"sc-emitter": {
			"version": "1.1.0",
			"resolved": "https://registry.npmjs.org/sc-emitter/-/sc-emitter-1.1.0.tgz",
			"integrity": "sha1-7xGdQiL0xk+Ie0hpZO8REWzdDnU=",
			"dev": true,
			"requires": {
				"component-emitter": "1.2.0"
			}
		},
		"sc-errors": {
			"version": "1.3.3",
			"resolved": "https://registry.npmjs.org/sc-errors/-/sc-errors-1.3.3.tgz",
			"integrity": "sha1-wAvEx2apcMyNWTfQjNWOkx19rgU=",
			"dev": true
		},
		"sc-formatter": {
			"version": "3.0.0",
			"resolved": "https://registry.npmjs.org/sc-formatter/-/sc-formatter-3.0.0.tgz",
			"integrity": "sha1-yRsf5WwmCr1aai5q+YxyS8eZijg=",
			"dev": true
		},
		"sc-hasher": {
			"version": "1.0.0",
			"resolved": "https://registry.npmjs.org/sc-hasher/-/sc-hasher-1.0.0.tgz",
			"integrity": "sha1-uyKuH1opW4R8cK/0UVU2IklQ/xE=",
			"dev": true
		},
		"sc-jsonwebtoken": {
			"version": "7.4.2",
			"resolved": "https://registry.npmjs.org/sc-jsonwebtoken/-/sc-jsonwebtoken-7.4.2.tgz",
			"integrity": "sha1-Kp9n2JHlroNCIQhSC4NoroM2x0k=",
			"dev": true,
			"requires": {
				"joi": "6.10.1",
				"jws": "3.1.4",
				"lodash.once": "4.1.1",
				"ms": "2.0.0",
				"xtend": "4.0.1"
			}
		},
		"sc-simple-broker": {
			"version": "2.0.0",
			"resolved": "https://registry.npmjs.org/sc-simple-broker/-/sc-simple-broker-2.0.0.tgz",
			"integrity": "sha1-Leb9NSNaC3bXrmNJ0cf53R4YCRw=",
			"dev": true,
			"requires": {
				"sc-channel": "1.0.6"
			}
		},
		"semver": {
			"version": "5.4.1",
			"resolved": "https://registry.npmjs.org/semver/-/semver-5.4.1.tgz",
			"integrity": "sha512-WfG/X9+oATh81XtllIo/I8gOiY9EXRdv1cQdyykeXK17YcUW3EXUAi2To4pcH6nZtJPr7ZOpM5OMyWJZm+8Rsg==",
			"dev": true
		},
		"send": {
			"version": "0.15.4",
			"resolved": "https://registry.npmjs.org/send/-/send-0.15.4.tgz",
			"integrity": "sha1-mF+qPihLAnPHkzZKNcZze9k5Bbk=",
			"dev": true,
			"requires": {
				"debug": "2.6.8",
				"depd": "1.1.1",
				"destroy": "1.0.4",
				"encodeurl": "1.0.1",
				"escape-html": "1.0.3",
				"etag": "1.8.0",
				"fresh": "0.5.0",
				"http-errors": "1.6.2",
				"mime": "1.3.4",
				"ms": "2.0.0",
				"on-finished": "2.3.0",
				"range-parser": "1.2.0",
				"statuses": "1.3.1"
			},
			"dependencies": {
				"debug": {
					"version": "2.6.8",
					"resolved": "https://registry.npmjs.org/debug/-/debug-2.6.8.tgz",
					"integrity": "sha1-5zFTHKLt4n0YgiJCfaF4IdaP9Pw=",
					"dev": true,
					"requires": {
						"ms": "2.0.0"
					}
				}
			}
		},
		"serve-static": {
			"version": "1.12.4",
			"resolved": "https://registry.npmjs.org/serve-static/-/serve-static-1.12.4.tgz",
			"integrity": "sha1-m2qpjutyU8Tu3Ewfb9vKYJkBqWE=",
			"dev": true,
			"requires": {
				"encodeurl": "1.0.1",
				"escape-html": "1.0.3",
				"parseurl": "1.3.1",
				"send": "0.15.4"
			}
		},
		"setprototypeof": {
			"version": "1.0.3",
			"resolved": "https://registry.npmjs.org/setprototypeof/-/setprototypeof-1.0.3.tgz",
			"integrity": "sha1-ZlZ+NwQ+608E2RvWWMDL77VbjgQ=",
			"dev": true
		},
		"socketcluster": {
			"version": "5.16.0",
			"resolved": "https://registry.npmjs.org/socketcluster/-/socketcluster-5.16.0.tgz",
			"integrity": "sha1-4iihr0c8HKx8MI5e7qEWEGFvdL4=",
			"dev": true,
			"requires": {
				"async": "2.0.0",
				"base64id": "0.1.0",
				"fs-extra": "2.0.0",
				"inquirer": "1.1.3",
				"minimist": "1.1.0",
				"sc-auth": "4.1.2",
				"sc-broker-cluster": "4.0.3",
				"sc-domain": "1.0.1",
				"sc-emitter": "1.1.0",
				"sc-errors": "1.3.3",
				"socketcluster-server": "5.15.0",
				"uid-number": "0.0.5",
				"uuid": "3.0.1"
			},
			"dependencies": {
				"minimist": {
					"version": "1.1.0",
					"resolved": "https://registry.npmjs.org/minimist/-/minimist-1.1.0.tgz",
					"integrity": "sha1-zfIl6ImPhAolje1E/JF3Z3Cv3JM=",
					"dev": true
				},
				"uuid": {
					"version": "3.0.1",
					"resolved": "https://registry.npmjs.org/uuid/-/uuid-3.0.1.tgz",
					"integrity": "sha1-ZUS7ot/ajBzxfmKaOjBeK7H+5sE=",
					"dev": true
				}
			}
		},
		"socketcluster-server": {
			"version": "5.15.0",
			"resolved": "https://registry.npmjs.org/socketcluster-server/-/socketcluster-server-5.15.0.tgz",
			"integrity": "sha1-FCAl/mh9meeGMXpdtf1jmLufD7E=",
			"dev": true,
			"requires": {
				"async": "2.0.0",
				"base64id": "0.1.0",
				"lodash.clonedeep": "4.5.0",
				"sc-auth": "4.1.2",
				"sc-domain": "1.0.1",
				"sc-emitter": "1.1.0",
				"sc-errors": "1.3.3",
				"sc-formatter": "3.0.0",
				"sc-simple-broker": "2.0.0",
				"uuid": "3.0.1",
				"uws": "8.14.0",
				"ws": "3.0.0"
			},
			"dependencies": {
				"uuid": {
					"version": "3.0.1",
					"resolved": "https://registry.npmjs.org/uuid/-/uuid-3.0.1.tgz",
					"integrity": "sha1-ZUS7ot/ajBzxfmKaOjBeK7H+5sE=",
					"dev": true
				}
			}
		},
		"spawn-sync": {
			"version": "1.0.15",
			"resolved": "https://registry.npmjs.org/spawn-sync/-/spawn-sync-1.0.15.tgz",
			"integrity": "sha1-sAeZVX63+wyDdsKdROih6mfldHY=",
			"dev": true,
			"requires": {
				"concat-stream": "1.6.0",
				"os-shim": "0.1.3"
			}
		},
		"statuses": {
			"version": "1.3.1",
			"resolved": "https://registry.npmjs.org/statuses/-/statuses-1.3.1.tgz",
			"integrity": "sha1-+vUbnrdKrvOzrPStX2Gr8ky3uT4=",
			"dev": true
		},
		"string_decoder": {
			"version": "1.0.3",
			"resolved": "https://registry.npmjs.org/string_decoder/-/string_decoder-1.0.3.tgz",
			"integrity": "sha512-4AH6Z5fzNNBcH+6XDMfA/BTt87skxqJlO0lAh3Dker5zThcAxG6mKz+iGu308UKoPPQ8Dcqx/4JhujzltRa+hQ==",
			"dev": true,
			"requires": {
				"safe-buffer": "5.1.1"
			}
		},
		"string-width": {
			"version": "1.0.2",
			"resolved": "https://registry.npmjs.org/string-width/-/string-width-1.0.2.tgz",
			"integrity": "sha1-EYvfW4zcUaKn5w0hHgfisLmxB9M=",
			"dev": true,
			"requires": {
				"code-point-at": "1.1.0",
				"is-fullwidth-code-point": "1.0.0",
				"strip-ansi": "3.0.1"
			}
		},
		"strip-ansi": {
			"version": "3.0.1",
			"resolved": "https://registry.npmjs.org/strip-ansi/-/strip-ansi-3.0.1.tgz",
			"integrity": "sha1-ajhfuIU9lS1f8F0Oiq+UJ43GPc8=",
			"dev": true,
			"requires": {
				"ansi-regex": "2.1.1"
			}
		},
		"supports-color": {
			"version": "2.0.0",
			"resolved": "https://registry.npmjs.org/supports-color/-/supports-color-2.0.0.tgz",
			"integrity": "sha1-U10EXOa2Nj+kARcIRimZXp3zJMc=",
			"dev": true
		},
		"through": {
			"version": "2.3.8",
			"resolved": "https://registry.npmjs.org/through/-/through-2.3.8.tgz",
			"integrity": "sha1-DdTJ/6q8NXlgsbckEV1+Doai4fU=",
			"dev": true
		},
		"tmp": {
			"version": "0.0.29",
			"resolved": "https://registry.npmjs.org/tmp/-/tmp-0.0.29.tgz",
			"integrity": "sha1-8lEl/w3Z2jzLDC3Tce4SiLuRKMA=",
			"dev": true,
			"requires": {
				"os-tmpdir": "1.0.2"
			}
		},
		"topo": {
			"version": "1.1.0",
			"resolved": "https://registry.npmjs.org/topo/-/topo-1.1.0.tgz",
			"integrity": "sha1-6ddRYV0buH3IZdsYL6HKCl71NtU=",
			"dev": true,
			"requires": {
				"hoek": "2.16.3"
			}
		},
		"type-is": {
			"version": "1.6.15",
			"resolved": "https://registry.npmjs.org/type-is/-/type-is-1.6.15.tgz",
			"integrity": "sha1-yrEPtJCeRByChC6v4a1kbIGARBA=",
			"dev": true,
			"requires": {
				"media-typer": "0.3.0",
				"mime-types": "2.1.16"
			}
		},
		"typedarray": {
			"version": "0.0.6",
			"resolved": "https://registry.npmjs.org/typedarray/-/typedarray-0.0.6.tgz",
			"integrity": "sha1-hnrHTjhkGHsdPUfZlqeOxciDB3c=",
			"dev": true
		},
		"uid-number": {
			"version": "0.0.5",
			"resolved": "https://registry.npmjs.org/uid-number/-/uid-number-0.0.5.tgz",
			"integrity": "sha1-Wj2yPvXb1VuB/ODsmirG/M3ruB4=",
			"dev": true
		},
		"ultron": {
			"version": "1.1.0",
			"resolved": "https://registry.npmjs.org/ultron/-/ultron-1.1.0.tgz",
			"integrity": "sha1-sHoualQagV/Go0zNRTO67DB8qGQ=",
			"dev": true
		},
		"unpipe": {
			"version": "1.0.0",
			"resolved": "https://registry.npmjs.org/unpipe/-/unpipe-1.0.0.tgz",
			"integrity": "sha1-sr9O6FFKrmFltIF4KdIbLvSZBOw=",
			"dev": true
		},
		"util-deprecate": {
			"version": "1.0.2",
			"resolved": "https://registry.npmjs.org/util-deprecate/-/util-deprecate-1.0.2.tgz",
			"integrity": "sha1-RQ1Nyfpw3nMnYvvS1KKJgUGaDM8=",
			"dev": true
		},
		"utils-merge": {
			"version": "1.0.0",
			"resolved": "https://registry.npmjs.org/utils-merge/-/utils-merge-1.0.0.tgz",
			"integrity": "sha1-ApT7kiu5N1FTVBxPcJYjHyh8ivg=",
			"dev": true
		},
		"uws": {
			"version": "8.14.0",
			"resolved": "https://registry.npmjs.org/uws/-/uws-8.14.0.tgz",
			"integrity": "sha1-rMFIjRPssj/i+UKn6vsGaB+pFDE=",
			"dev": true
		},
		"vary": {
			"version": "1.1.1",
			"resolved": "https://registry.npmjs.org/vary/-/vary-1.1.1.tgz",
			"integrity": "sha1-Z1Neu2lMHVIldFeYRmUyP1h+jTc=",
			"dev": true
		},
		"ws": {
			"version": "3.0.0",
			"resolved": "https://registry.npmjs.org/ws/-/ws-3.0.0.tgz",
			"integrity": "sha1-mN2wAFbIOQy3Ued4h4hJf5kQO2w=",
			"dev": true,
			"requires": {
				"safe-buffer": "5.0.1",
				"ultron": "1.1.0"
			},
			"dependencies": {
				"safe-buffer": {
					"version": "5.0.1",
					"resolved": "https://registry.npmjs.org/safe-buffer/-/safe-buffer-5.0.1.tgz",
					"integrity": "sha1-0mPKVGls2KMGtcplUekt5XkY++c=",
					"dev": true
				}
			}
		},
		"xtend": {
			"version": "4.0.1",
			"resolved": "https://registry.npmjs.org/xtend/-/xtend-4.0.1.tgz",
			"integrity": "sha1-pcbVMr5lbiPbgg77lDofBJmNY68=",
			"dev": true
		}
	}
}
